{
  "version": 4,
  "terraform_version": "1.0.4",
  "serial": 33,
  "lineage": "29e3fd15-7220-4671-56a5-74772bccab94",
  "outputs": {},
  "resources": [
    {
      "mode": "managed",
      "type": "azurerm_management_lock",
      "name": "resource-group-level",
      "provider": "provider[\"registry.terraform.io/hashicorp/azurerm\"].terraform-backend",
      "instances": [
        {
          "schema_version": 0,
          "attributes": {
            "id": "/subscriptions/3421cfc4-15a2-4261-8545-c1f15b03c0a0/resourceGroups/corp-ind-prod-tfstate-rg/providers/Microsoft.Authorization/locks/resource-group-level",
            "lock_level": "CanNotDelete",
            "name": "resource-group-level",
            "notes": "This Resource Group cannot be deleted",
            "scope": "/subscriptions/3421cfc4-15a2-4261-8545-c1f15b03c0a0/resourceGroups/corp-ind-prod-tfstate-rg",
            "timeouts": null
          },
          "sensitive_attributes": [],
          "private": "eyJlMmJmYjczMC1lY2FhLTExZTYtOGY4OC0zNDM2M2JjN2M0YzAiOnsiY3JlYXRlIjoxODAwMDAwMDAwMDAwLCJkZWxldGUiOjE4MDAwMDAwMDAwMDAsInJlYWQiOjMwMDAwMDAwMDAwMCwidXBkYXRlIjoxODAwMDAwMDAwMDAwfX0=",
          "dependencies": [
            "azurerm_resource_group.tfstate-rg"
          ]
        }
      ]
    },
    {
      "mode": "managed",
      "type": "azurerm_resource_group",
      "name": "tfstate-rg",
      "provider": "provider[\"registry.terraform.io/hashicorp/azurerm\"].terraform-backend",
      "instances": [
        {
          "schema_version": 0,
          "attributes": {
            "id": "/subscriptions/3421cfc4-15a2-4261-8545-c1f15b03c0a0/resourceGroups/corp-ind-prod-tfstate-rg",
            "location": "centralindia",
            "name": "corp-ind-prod-tfstate-rg",
            "tags": {},
            "timeouts": null
          },
          "sensitive_attributes": [],
          "private": "eyJlMmJmYjczMC1lY2FhLTExZTYtOGY4OC0zNDM2M2JjN2M0YzAiOnsiY3JlYXRlIjo1NDAwMDAwMDAwMDAwLCJkZWxldGUiOjU0MDAwMDAwMDAwMDAsInJlYWQiOjMwMDAwMDAwMDAwMCwidXBkYXRlIjo1NDAwMDAwMDAwMDAwfX0="
        }
      ]
    },
    {
      "mode": "managed",
      "type": "azurerm_storage_account",
      "name": "tfstate-str",
      "provider": "provider[\"registry.terraform.io/hashicorp/azurerm\"].terraform-backend",
      "instances": []
    },
    {
      "mode": "managed",
      "type": "azurerm_storage_container",
      "name": "tfstate",
      "provider": "provider[\"registry.terraform.io/hashicorp/azurerm\"].terraform-backend",
      "instances": []
    },
    {
      "mode": "managed",
      "type": "random_string",
      "name": "resource_code",
      "provider": "provider[\"registry.terraform.io/hashicorp/random\"]",
      "instances": [
        {
          "schema_version": 1,
          "attributes": {
            "id": "8ow}\u0026$4(by",
            "keepers": null,
            "length": 10,
            "lower": true,
            "min_lower": 0,
            "min_numeric": 0,
            "min_special": 0,
            "min_upper": 0,
            "number": true,
            "override_special": null,
            "result": "8ow}\u0026$4(by",
            "special": true,
            "upper": false
          },
          "sensitive_attributes": [],
          "private": "eyJzY2hlbWFfdmVyc2lvbiI6IjEifQ=="
        }
      ]
    }
  ]
}
